
Microsoft Visual Studio Solution File, Format Version 12.00
# Visual Studio Version 16
VisualStudioVersion = 16.0.30717.126
MinimumVisualStudioVersion = 10.0.40219.1
Project("{FAE04EC0-301F-11D3-BF4B-00C04F79EFBC}") = "Kutuphanem.Android", "Kutuphanem.Android\Kutuphanem.Android.csproj", "{44DB311F-D698-4418-9794-68802EF96276}"
EndProject
Project("{FAE04EC0-301F-11D3-BF4B-00C04F79EFBC}") = "Kutuphanem.iOS", "Kutuphanem.iOS\Kutuphanem.iOS.csproj", "{754E84F0-6B14-48B6-8073-1724595A9789}"
EndProject
Project("{9A19103F-16F7-4668-BE54-9A1E7A4F7556}") = "Kutuphanem", "Kutuphanem\Kutuphanem.csproj", "{22EBDA4A-F11B-4396-843B-54C8C9C00D06}"
EndProject
Global
	GlobalSection(SolutionConfigurationPlatforms) = preSolution
		Debug|Any CPU = Debug|Any CPU
		Debug|iPhone = Debug|iPhone
		Debug|iPhoneSimulator = Debug|iPhoneSimulator
		Release|Any CPU = Release|Any CPU
		Release|iPhone = Release|iPhone
		Release|iPhoneSimulator = Release|iPhoneSimulator
	EndGlobalSection
	GlobalSection(ProjectConfigurationPlatforms) = postSolution
		{44DB311F-D698-4418-9794-68802EF96276}.Debug|Any CPU.ActiveCfg = Debug|Any CPU
		{44DB311F-D698-4418-9794-68802EF96276}.Debug|Any CPU.Build.0 = Debug|Any CPU
		{44DB311F-D698-4418-9794-68802EF96276}.Debug|Any CPU.Deploy.0 = Debug|Any CPU
		{44DB311F-D698-4418-9794-68802EF96276}.Debug|iPhone.ActiveCfg = Debug|Any CPU
		{44DB311F-D698-4418-9794-68802EF96276}.Debug|iPhone.Build.0 = Debug|Any CPU
		{44DB311F-D698-4418-9794-68802EF96276}.Debug|iPhone.Deploy.0 = Debug|Any CPU
		{44DB311F-D698-4418-9794-68802EF96276}.Debug|iPhoneSimulator.ActiveCfg = Debug|Any CPU
		{44DB311F-D698-4418-9794-68802EF96276}.Debug|iPhoneSimulator.Build.0 = Debug|Any CPU
		{44DB311F-D698-4418-9794-68802EF96276}.Debug|iPhoneSimulator.Deploy.0 = Debug|Any CPU
		{44DB311F-D698-4418-9794-68802EF96276}.Release|Any CPU.ActiveCfg = Release|Any CPU
		{44DB311F-D698-4418-9794-68802EF96276}.Release|Any CPU.Build.0 = Release|Any CPU
		{44DB311F-D698-4418-9794-68802EF96276}.Release|Any CPU.Deploy.0 = Release|Any CPU
		{44DB311F-D698-4418-9794-68802EF96276}.Release|iPhone.ActiveCfg = Release|Any CPU
		{44DB311F-D698-4418-9794-68802EF96276}.Release|iPhone.Build.0 = Release|Any CPU
		{44DB311F-D698-4418-9794-68802EF96276}.Release|iPhone.Deploy.0 = Release|Any CPU
		{44DB311F-D698-4418-9794-68802EF96276}.Release|iPhoneSimulator.ActiveCfg = Release|Any CPU
		{44DB311F-D698-4418-9794-68802EF96276}.Release|iPhoneSimulator.Build.0 = Release|Any CPU
		{44DB311F-D698-4418-9794-68802EF96276}.Release|iPhoneSimulator.Deploy.0 = Release|Any CPU
		{754E84F0-6B14-48B6-8073-1724595A9789}.Debug|Any CPU.ActiveCfg = Debug|iPhone
		{754E84F0-6B14-48B6-8073-1724595A9789}.Debug|Any CPU.Build.0 = Debug|iPhone
		{754E84F0-6B14-48B6-8073-1724595A9789}.Debug|Any CPU.Deploy.0 = Debug|iPhone
		{754E84F0-6B14-48B6-8073-1724595A9789}.Debug|iPhone.ActiveCfg = Debug|iPhone
		{754E84F0-6B14-48B6-8073-1724595A9789}.Debug|iPhone.Build.0 = Debug|iPhone
		{754E84F0-6B14-48B6-8073-1724595A9789}.Debug|iPhone.Deploy.0 = Debug|iPhone
		{754E84F0-6B14-48B6-8073-1724595A9789}.Debug|iPhoneSimulator.ActiveCfg = Debug|iPhoneSimulator
		{754E84F0-6B14-48B6-8073-1724595A9789}.Debug|iPhoneSimulator.Build.0 = Debug|iPhoneSimulator
		{754E84F0-6B14-48B6-8073-1724595A9789}.Debug|iPhoneSimulator.Deploy.0 = Debug|iPhoneSimulator
		{754E84F0-6B14-48B6-8073-1724595A9789}.Release|Any CPU.ActiveCfg = Release|iPhoneSimulator
		{754E84F0-6B14-48B6-8073-1724595A9789}.Release|Any CPU.Build.0 = Release|iPhoneSimulator
		{754E84F0-6B14-48B6-8073-1724595A9789}.Release|Any CPU.Deploy.0 = Release|iPhoneSimulator
		{754E84F0-6B14-48B6-8073-1724595A9789}.Release|iPhone.ActiveCfg = Release|iPhone
		{754E84F0-6B14-48B6-8073-1724595A9789}.Release|iPhone.Build.0 = Release|iPhone
		{754E84F0-6B14-48B6-8073-1724595A9789}.Release|iPhone.Deploy.0 = Release|iPhone
		{754E84F0-6B14-48B6-8073-1724595A9789}.Release|iPhoneSimulator.ActiveCfg = Release|iPhoneSimulator
		{754E84F0-6B14-48B6-8073-1724595A9789}.Release|iPhoneSimulator.Build.0 = Release|iPhoneSimulator
		{754E84F0-6B14-48B6-8073-1724595A9789}.Release|iPhoneSimulator.Deploy.0 = Release|iPhoneSimulator
		{22EBDA4A-F11B-4396-843B-54C8C9C00D06}.Debug|Any CPU.ActiveCfg = Debug|Any CPU
		{22EBDA4A-F11B-4396-843B-54C8C9C00D06}.Debug|Any CPU.Build.0 = Debug|Any CPU
		{22EBDA4A-F11B-4396-843B-54C8C9C00D06}.Debug|Any CPU.Deploy.0 = Debug|Any CPU
		{22EBDA4A-F11B-4396-843B-54C8C9C00D06}.Debug|iPhone.ActiveCfg = Debug|Any CPU
		{22EBDA4A-F11B-4396-843B-54C8C9C00D06}.Debug|iPhone.Build.0 = Debug|Any CPU
		{22EBDA4A-F11B-4396-843B-54C8C9C00D06}.Debug|iPhone.Deploy.0 = Debug|Any CPU
		{22EBDA4A-F11B-4396-843B-54C8C9C00D06}.Debug|iPhoneSimulator.ActiveCfg = Debug|Any CPU
		{22EBDA4A-F11B-4396-843B-54C8C9C00D06}.Debug|iPhoneSimulator.Build.0 = Debug|Any CPU
		{22EBDA4A-F11B-4396-843B-54C8C9C00D06}.Debug|iPhoneSimulator.Deploy.0 = Debug|Any CPU
		{22EBDA4A-F11B-4396-843B-54C8C9C00D06}.Release|Any CPU.ActiveCfg = Release|Any CPU
		{22EBDA4A-F11B-4396-843B-54C8C9C00D06}.Release|Any CPU.Build.0 = Release|Any CPU
		{22EBDA4A-F11B-4396-843B-54C8C9C00D06}.Release|Any CPU.Deploy.0 = Release|Any CPU
		{22EBDA4A-F11B-4396-843B-54C8C9C00D06}.Release|iPhone.ActiveCfg = Release|Any CPU
		{22EBDA4A-F11B-4396-843B-54C8C9C00D06}.Release|iPhone.Build.0 = Release|Any CPU
		{22EBDA4A-F11B-4396-843B-54C8C9C00D06}.Release|iPhone.Deploy.0 = Release|Any CPU
		{22EBDA4A-F11B-4396-843B-54C8C9C00D06}.Release|iPhoneSimulator.ActiveCfg = Release|Any CPU
		{22EBDA4A-F11B-4396-843B-54C8C9C00D06}.Release|iPhoneSimulator.Build.0 = Release|Any CPU
		{22EBDA4A-F11B-4396-843B-54C8C9C00D06}.Release|iPhoneSimulator.Deploy.0 = Release|Any CPU
	EndGlobalSection
	GlobalSection(SolutionProperties) = preSolution
		HideSolutionNode = FALSE
	EndGlobalSection
	GlobalSection(ExtensibilityGlobals) = postSolution
		SolutionGuid = {E7D2B8E7-33FC-46CB-A270-4247786B643C}
	EndGlobalSection
EndGlobal
